
Microsoft Visual Studio Solution File, Format Version 12.00
# Visual Studio 15
VisualStudioVersion = 15.0.28307.489
MinimumVisualStudioVersion = 10.0.40219.1
Project("{FAE04EC0-301F-11D3-BF4B-00C04F79EFBC}") = "University", "University\University.csproj", "{C1200327-9785-4291-BAE0-592332EF1EA5}"
EndProject
Project("{00D1A9C2-B5F0-4AF3-8072-F6C62B433612}") = "Database1", "Database1\Database1.sqlproj", "{AFA42C61-F702-4530-8FF9-693171CE0BBA}"
EndProject
Global
	GlobalSection(SolutionConfigurationPlatforms) = preSolution
		Debug|Any CPU = Debug|Any CPU
		Release|Any CPU = Release|Any CPU
	EndGlobalSection
	GlobalSection(ProjectConfigurationPlatforms) = postSolution
		{C1200327-9785-4291-BAE0-592332EF1EA5}.Debug|Any CPU.ActiveCfg = Debug|Any CPU
		{C1200327-9785-4291-BAE0-592332EF1EA5}.Debug|Any CPU.Build.0 = Debug|Any CPU
		{C1200327-9785-4291-BAE0-592332EF1EA5}.Release|Any CPU.ActiveCfg = Release|Any CPU
		{C1200327-9785-4291-BAE0-592332EF1EA5}.Release|Any CPU.Build.0 = Release|Any CPU
		{AFA42C61-F702-4530-8FF9-693171CE0BBA}.Debug|Any CPU.ActiveCfg = Debug|Any CPU
		{AFA42C61-F702-4530-8FF9-693171CE0BBA}.Debug|Any CPU.Build.0 = Debug|Any CPU
		{AFA42C61-F702-4530-8FF9-693171CE0BBA}.Debug|Any CPU.Deploy.0 = Debug|Any CPU
		{AFA42C61-F702-4530-8FF9-693171CE0BBA}.Release|Any CPU.ActiveCfg = Release|Any CPU
		{AFA42C61-F702-4530-8FF9-693171CE0BBA}.Release|Any CPU.Build.0 = Release|Any CPU
		{AFA42C61-F702-4530-8FF9-693171CE0BBA}.Release|Any CPU.Deploy.0 = Release|Any CPU
	EndGlobalSection
	GlobalSection(SolutionProperties) = preSolution
		HideSolutionNode = FALSE
	EndGlobalSection
	GlobalSection(ExtensibilityGlobals) = postSolution
		SolutionGuid = {A16DB008-D0B8-4A10-9168-70742A248E2E}
	EndGlobalSection
EndGlobal
